
Microsoft Visual Studio Solution File, Format Version 12.00
# Visual Studio Version 17
VisualStudioVersion = 17.10.35013.160
MinimumVisualStudioVersion = 10.0.40219.1
Project("{FAE04EC0-301F-11D3-BF4B-00C04F79EFBC}") = "Web-API-Versioning.API", "Web-API-Versioning.API\Web-API-Versioning.API.csproj", "{713A5E1F-A4A3-45EA-8622-2A8D905BA3D7}"
EndProject
Global
	GlobalSection(SolutionConfigurationPlatforms) = preSolution
		Debug|Any CPU = Debug|Any CPU
		Release|Any CPU = Release|Any CPU
	EndGlobalSection
	GlobalSection(ProjectConfigurationPlatforms) = postSolution
		{713A5E1F-A4A3-45EA-8622-2A8D905BA3D7}.Debug|Any CPU.ActiveCfg = Debug|Any CPU
		{713A5E1F-A4A3-45EA-8622-2A8D905BA3D7}.Debug|Any CPU.Build.0 = Debug|Any CPU
		{713A5E1F-A4A3-45EA-8622-2A8D905BA3D7}.Release|Any CPU.ActiveCfg = Release|Any CPU
		{713A5E1F-A4A3-45EA-8622-2A8D905BA3D7}.Release|Any CPU.Build.0 = Release|Any CPU
	EndGlobalSection
	GlobalSection(SolutionProperties) = preSolution
		HideSolutionNode = FALSE
	EndGlobalSection
	GlobalSection(ExtensibilityGlobals) = postSolution
		SolutionGuid = {194C9B41-D9C7-4BDD-AE89-4CF2A1E66E77}
	EndGlobalSection
EndGlobal
