
Microsoft Visual Studio Solution File, Format Version 12.00
# Visual Studio Version 17
VisualStudioVersion = 17.10.35013.160
MinimumVisualStudioVersion = 10.0.40219.1
Project("{9A19103F-16F7-4668-BE54-9A1E7A4F7556}") = "NZWalks.API", "NZWalks.API\NZWalks.API.csproj", "{CA75B363-D1EE-46F0-8962-2B960CF5772E}"
EndProject
Project("{FAE04EC0-301F-11D3-BF4B-00C04F79EFBC}") = "NZWalks.UI", "NZWalks.UI\NZWalks.UI.csproj", "{34BED9A3-4C1B-43CB-8ED4-F245B083957F}"
EndProject
Global
	GlobalSection(SolutionConfigurationPlatforms) = preSolution
		Debug|Any CPU = Debug|Any CPU
		Release|Any CPU = Release|Any CPU
	EndGlobalSection
	GlobalSection(ProjectConfigurationPlatforms) = postSolution
		{CA75B363-D1EE-46F0-8962-2B960CF5772E}.Debug|Any CPU.ActiveCfg = Debug|Any CPU
		{CA75B363-D1EE-46F0-8962-2B960CF5772E}.Debug|Any CPU.Build.0 = Debug|Any CPU
		{CA75B363-D1EE-46F0-8962-2B960CF5772E}.Release|Any CPU.ActiveCfg = Release|Any CPU
		{CA75B363-D1EE-46F0-8962-2B960CF5772E}.Release|Any CPU.Build.0 = Release|Any CPU
		{34BED9A3-4C1B-43CB-8ED4-F245B083957F}.Debug|Any CPU.ActiveCfg = Debug|Any CPU
		{34BED9A3-4C1B-43CB-8ED4-F245B083957F}.Debug|Any CPU.Build.0 = Debug|Any CPU
		{34BED9A3-4C1B-43CB-8ED4-F245B083957F}.Release|Any CPU.ActiveCfg = Release|Any CPU
		{34BED9A3-4C1B-43CB-8ED4-F245B083957F}.Release|Any CPU.Build.0 = Release|Any CPU
	EndGlobalSection
	GlobalSection(SolutionProperties) = preSolution
		HideSolutionNode = FALSE
	EndGlobalSection
	GlobalSection(ExtensibilityGlobals) = postSolution
		SolutionGuid = {3F51E1A9-A97E-4EB2-A6A3-882B4A53C37F}
	EndGlobalSection
EndGlobal
